github.com/gdm85/go-libdeluge v0.6.0 h1:TCqzmABxup3l1yeWWW6ZIGoxgJZrrKB5aBF6z6BbVPg=
github.com/gdm85/go-libdeluge v0.6.0/go.mod h1:y3CUYGywCSDOB32/IBLomtK+fU4+lfqIFWsnA/jBoeY=
github.com/gdm85/go-rencode v0.1.8 h1:7+qxwoQWU1b1nMGcESOyoUR5dzPtRA6yLQpKn7uXmnI=
github.com/gdm85/go-rencode v0.1.8/go.mod h1:0dr3BuaKzeseY1of6o1KRTGB/Oo7eio+YEyz8KDp5+s=
gopkg.in/check.v1 v0.0.0-20161208181325-20d25e280405 h1:yhCVgyC4o1eVCa2tZl7eS0r+SDo693bJlVdllGtEeKM=
gopkg.in/check.v1 v0.0.0-20161208181325-20d25e280405/go.mod h1:Co6ibVJAznAaIkqp8huTwlJQCZ016jof/cbN4VW5Yz0=
gopkg.in/yaml.v3 v3.0.1 h1:fxVm/GzAzEWqLHuvctI91KS9hhNmmWOoWu0XTYJS7CA=
gopkg.in/yaml.v3 v3.0.1/go.mod h1:K4uyk7z7BCEPqu6E+C64Yfv1cQ7kz7rIZviUmN+EgEM=
